lockfileVersion: '9.0'
settings:
  autoInstallPeers: true
  excludeLinksFromLockfile: false
importers:
  .:
    dependencies:
      spacetimedb:
        specifier: workspace:*
        version: link:../../../crates/bindings-typescript
    devDependencies:
      typescript:
        specifier: ~5.6.2
        version: 5.6.3
packages:
  typescript@5.6.3:
    resolution:
      integrity: sha512-hjcS1mhfuyi4WW8IWtjP7brDrG2cuDZukyrYrSauoXGNgx0S7zceP07adYkJycEr56BOUTNPzbInooiN3fn1qw==
    engines:
      node: '>=14.17'
    hasBin: true
snapshots:
  typescript@5.6.3: {}
