lockfileVersion: '9.0'
settings:
  autoInstallPeers: true
  excludeLinksFromLockfile: false
importers:
  .:
    dependencies:
      spacetimedb:
        specifier: workspace:*
        version: link:../../crates/bindings-typescript
      vue:
        specifier: ^3.5.13
        version: 3.5.34(typescript@5.6.3)
    devDependencies:
      '@vitejs/plugin-vue':
        specifier: ^5.2.4
        version: 5.2.4(vite@6.4.2)(vue@3.5.34(typescript@5.6.3))
      typescript:
        specifier: ~5.6.2
        version: 5.6.3
      vite:
        specifier: ^6.4.1
        version: 6.4.2
      vue-tsc:
        specifier: ^2.2.0
        version: 2.2.12(typescript@5.6.3)
packages:
  '@babel/helper-string-parser@7.27.1':
    resolution:
      integrity: sha512-qMlSxKbpRlAridDExk92nSobyDdpPijUq2DW6oDnUqd0iOGxmQjyqhMIihI9+zv4LPyZdRje2cavWPbCbWm3eA==
    engines:
      node: '>=6.9.0'
  '@babel/helper-validator-identifier@7.28.5':
    resolution:
      integrity: sha512-qSs4ifwzKJSV39ucNjsvc6WVHs6b7S03sOh2OcHF9UHfVPqWWALUsNUVzhSBiItjRZoLHx7nIarVjqKVusUZ1Q==
    engines:
      node: '>=6.9.0'
  '@babel/parser@7.29.3':
    resolution:
      integrity: sha512-b3ctpQwp+PROvU/cttc4OYl4MzfJUWy6FZg+PMXfzmt/+39iHVF0sDfqay8TQM3JA2EUOyKcFZt75jWriQijsA==
    engines:
      node: '>=6.0.0'
    hasBin: true
  '@babel/types@7.29.0':
    resolution:
      integrity: sha512-LwdZHpScM4Qz8Xw2iKSzS+cfglZzJGvofQICy7W7v4caru4EaAmyUuO6BGrbyQ2mYV11W0U8j5mBhd14dd3B0A==
    engines:
      node: '>=6.9.0'
  '@esbuild/aix-ppc64@0.25.12':
    resolution:
      integrity: sha512-Hhmwd6CInZ3dwpuGTF8fJG6yoWmsToE+vYgD4nytZVxcu1ulHpUQRAB1UJ8+N1Am3Mz4+xOByoQoSZf4D+CpkA==
    engines:
      node: '>=18'
    cpu:
    - ppc64
    os:
    - aix
  '@esbuild/android-arm64@0.25.12':
    resolution:
      integrity: sha512-6AAmLG7zwD1Z159jCKPvAxZd4y/VTO0VkprYy+3N2FtJ8+BQWFXU+OxARIwA46c5tdD9SsKGZ/1ocqBS/gAKHg==
    engines:
      node: '>=18'
    cpu:
    - arm64
    os:
    - android
  '@esbuild/android-arm@0.25.12':
    resolution:
      integrity: sha512-VJ+sKvNA/GE7Ccacc9Cha7bpS8nyzVv0jdVgwNDaR4gDMC/2TTRc33Ip8qrNYUcpkOHUT5OZ0bUcNNVZQ9RLlg==
    engines:
      node: '>=18'
    cpu:
    - arm
    os:
    - android
  '@esbuild/android-x64@0.25.12':
    resolution:
      integrity: sha512-5jbb+2hhDHx5phYR2By8GTWEzn6I9UqR11Kwf22iKbNpYrsmRB18aX/9ivc5cabcUiAT/wM+YIZ6SG9QO6a8kg==
    engines:
      node: '>=18'
    cpu:
    - x64
    os:
    - android
  '@esbuild/darwin-arm64@0.25.12':
    resolution:
      integrity: sha512-N3zl+lxHCifgIlcMUP5016ESkeQjLj/959RxxNYIthIg+CQHInujFuXeWbWMgnTo4cp5XVHqFPmpyu9J65C1Yg==
    engines:
      node: '>=18'
    cpu:
    - arm64
    os:
    - darwin
  '@esbuild/darwin-x64@0.25.12':
    resolution:
      integrity: sha512-HQ9ka4Kx21qHXwtlTUVbKJOAnmG1ipXhdWTmNXiPzPfWKpXqASVcWdnf2bnL73wgjNrFXAa3yYvBSd9pzfEIpA==
    engines:
      node: '>=18'
    cpu:
    - x64
    os:
    - darwin
  '@esbuild/freebsd-arm64@0.25.12':
    resolution:
      integrity: sha512-gA0Bx759+7Jve03K1S0vkOu5Lg/85dou3EseOGUes8flVOGxbhDDh/iZaoek11Y8mtyKPGF3vP8XhnkDEAmzeg==
    engines:
      node: '>=18'
    cpu:
    - arm64
    os:
    - freebsd
  '@esbuild/freebsd-x64@0.25.12':
    resolution:
      integrity: sha512-TGbO26Yw2xsHzxtbVFGEXBFH0FRAP7gtcPE7P5yP7wGy7cXK2oO7RyOhL5NLiqTlBh47XhmIUXuGciXEqYFfBQ==
    engines:
      node: '>=18'
    cpu:
    - x64
    os:
    - freebsd
  '@esbuild/linux-arm64@0.25.12':
    resolution:
      integrity: sha512-8bwX7a8FghIgrupcxb4aUmYDLp8pX06rGh5HqDT7bB+8Rdells6mHvrFHHW2JAOPZUbnjUpKTLg6ECyzvas2AQ==
    engines:
      node: '>=18'
    cpu:
    - arm64
    os:
    - linux
  '@esbuild/linux-arm@0.25.12':
    resolution:
      integrity: sha512-lPDGyC1JPDou8kGcywY0YILzWlhhnRjdof3UlcoqYmS9El818LLfJJc3PXXgZHrHCAKs/Z2SeZtDJr5MrkxtOw==
    engines:
      node: '>=18'
    cpu:
    - arm
    os:
    - linux
  '@esbuild/linux-ia32@0.25.12':
    resolution:
      integrity: sha512-0y9KrdVnbMM2/vG8KfU0byhUN+EFCny9+8g202gYqSSVMonbsCfLjUO+rCci7pM0WBEtz+oK/PIwHkzxkyharA==
    engines:
      node: '>=18'
    cpu:
    - ia32
    os:
    - linux
  '@esbuild/linux-loong64@0.25.12':
    resolution:
      integrity: sha512-h///Lr5a9rib/v1GGqXVGzjL4TMvVTv+s1DPoxQdz7l/AYv6LDSxdIwzxkrPW438oUXiDtwM10o9PmwS/6Z0Ng==
    engines:
      node: '>=18'
    cpu:
    - loong64
    os:
    - linux
  '@esbuild/linux-mips64el@0.25.12':
    resolution:
      integrity: sha512-iyRrM1Pzy9GFMDLsXn1iHUm18nhKnNMWscjmp4+hpafcZjrr2WbT//d20xaGljXDBYHqRcl8HnxbX6uaA/eGVw==
    engines:
      node: '>=18'
    cpu:
    - mips64el
    os:
    - linux
  '@esbuild/linux-ppc64@0.25.12':
    resolution:
      integrity: sha512-9meM/lRXxMi5PSUqEXRCtVjEZBGwB7P/D4yT8UG/mwIdze2aV4Vo6U5gD3+RsoHXKkHCfSxZKzmDssVlRj1QQA==
    engines:
      node: '>=18'
    cpu:
    - ppc64
    os:
    - linux
  '@esbuild/linux-riscv64@0.25.12':
    resolution:
      integrity: sha512-Zr7KR4hgKUpWAwb1f3o5ygT04MzqVrGEGXGLnj15YQDJErYu/BGg+wmFlIDOdJp0PmB0lLvxFIOXZgFRrdjR0w==
    engines:
      node: '>=18'
    cpu:
    - riscv64
    os:
    - linux
  '@esbuild/linux-s390x@0.25.12':
    resolution:
      integrity: sha512-MsKncOcgTNvdtiISc/jZs/Zf8d0cl/t3gYWX8J9ubBnVOwlk65UIEEvgBORTiljloIWnBzLs4qhzPkJcitIzIg==
    engines:
      node: '>=18'
    cpu:
    - s390x
    os:
    - linux
  '@esbuild/linux-x64@0.25.12':
    resolution:
      integrity: sha512-uqZMTLr/zR/ed4jIGnwSLkaHmPjOjJvnm6TVVitAa08SLS9Z0VM8wIRx7gWbJB5/J54YuIMInDquWyYvQLZkgw==
    engines:
      node: '>=18'
    cpu:
    - x64
    os:
    - linux
  '@esbuild/netbsd-arm64@0.25.12':
    resolution:
      integrity: sha512-xXwcTq4GhRM7J9A8Gv5boanHhRa/Q9KLVmcyXHCTaM4wKfIpWkdXiMog/KsnxzJ0A1+nD+zoecuzqPmCRyBGjg==
    engines:
      node: '>=18'
    cpu:
    - arm64
    os:
    - netbsd
  '@esbuild/netbsd-x64@0.25.12':
    resolution:
      integrity: sha512-Ld5pTlzPy3YwGec4OuHh1aCVCRvOXdH8DgRjfDy/oumVovmuSzWfnSJg+VtakB9Cm0gxNO9BzWkj6mtO1FMXkQ==
    engines:
      node: '>=18'
    cpu:
    - x64
    os:
    - netbsd
  '@esbuild/openbsd-arm64@0.25.12':
    resolution:
      integrity: sha512-fF96T6KsBo/pkQI950FARU9apGNTSlZGsv1jZBAlcLL1MLjLNIWPBkj5NlSz8aAzYKg+eNqknrUJ24QBybeR5A==
    engines:
      node: '>=18'
    cpu:
    - arm64
    os:
    - openbsd
  '@esbuild/openbsd-x64@0.25.12':
    resolution:
      integrity: sha512-MZyXUkZHjQxUvzK7rN8DJ3SRmrVrke8ZyRusHlP+kuwqTcfWLyqMOE3sScPPyeIXN/mDJIfGXvcMqCgYKekoQw==
    engines:
      node: '>=18'
    cpu:
    - x64
    os:
    - openbsd
  '@esbuild/openharmony-arm64@0.25.12':
    resolution:
      integrity: sha512-rm0YWsqUSRrjncSXGA7Zv78Nbnw4XL6/dzr20cyrQf7ZmRcsovpcRBdhD43Nuk3y7XIoW2OxMVvwuRvk9XdASg==
    engines:
      node: '>=18'
    cpu:
    - arm64
    os:
    - openharmony
  '@esbuild/sunos-x64@0.25.12':
    resolution:
      integrity: sha512-3wGSCDyuTHQUzt0nV7bocDy72r2lI33QL3gkDNGkod22EsYl04sMf0qLb8luNKTOmgF/eDEDP5BFNwoBKH441w==
    engines:
      node: '>=18'
    cpu:
    - x64
    os:
    - sunos
  '@esbuild/win32-arm64@0.25.12':
    resolution:
      integrity: sha512-rMmLrur64A7+DKlnSuwqUdRKyd3UE7oPJZmnljqEptesKM8wx9J8gx5u0+9Pq0fQQW8vqeKebwNXdfOyP+8Bsg==
    engines:
      node: '>=18'
    cpu:
    - arm64
    os:
    - win32
  '@esbuild/win32-ia32@0.25.12':
    resolution:
      integrity: sha512-HkqnmmBoCbCwxUKKNPBixiWDGCpQGVsrQfJoVGYLPT41XWF8lHuE5N6WhVia2n4o5QK5M4tYr21827fNhi4byQ==
    engines:
      node: '>=18'
    cpu:
    - ia32
    os:
    - win32
  '@esbuild/win32-x64@0.25.12':
    resolution:
      integrity: sha512-alJC0uCZpTFrSL0CCDjcgleBXPnCrEAhTBILpeAp7M/OFgoqtAetfBzX0xM00MUsVVPpVjlPuMbREqnZCXaTnA==
    engines:
      node: '>=18'
    cpu:
    - x64
    os:
    - win32
  '@jridgewell/sourcemap-codec@1.5.5':
    resolution:
      integrity: sha512-cYQ9310grqxueWbl+WuIUIaiUaDcj7WOq5fVhEljNVgRfOUhY9fy2zTvfoqWsnebh8Sl70VScFbICvJnLKB0Og==
  '@rollup/rollup-android-arm-eabi@4.60.4':
    resolution:
      integrity: sha512-F5QXMSiFebS9hKZj02XhWLLnRpJ3B3AROP0tWbFBSj+6kCbg5m9j5JoHKd4mmSVy5mS/IMQloYgYxCuJC0fxEQ==
    cpu:
    - arm
    os:
    - android
  '@rollup/rollup-android-arm64@4.60.4':
    resolution:
      integrity: sha512-GxxTKApUpzRhof7poWvCJHRF51C67u1R7D6DiluBE8wKU1u5GWE8t+v81JvJYtbawoBFX1hLv5Ei4eVjkWokaw==
    cpu:
    - arm64
    os:
    - android
  '@rollup/rollup-darwin-arm64@4.60.4':
    resolution:
      integrity: sha512-tua0TaJxMOB1R0V0RS1jFZ/RpURFDJIOR2A6jWwQeawuFyS4gBW+rntLRaQd0EQ4bd6Vp44Z2rXW+YYDBsj6IA==
    cpu:
    - arm64
    os:
    - darwin
  '@rollup/rollup-darwin-x64@4.60.4':
    resolution:
      integrity: sha512-CSKq7MsP+5PFIcydhAiR1K0UhEI1A2jWXVKHPCBZ151yOutENwvnPocgVHkivu2kviURtCEB6zUQw0vs8RrhMg==
    cpu:
    - x64
    os:
    - darwin
  '@rollup/rollup-freebsd-arm64@4.60.4':
    resolution:
      integrity: sha512-+O8OkVdyvXMtJEciu2wS/pzm1IxntEEQx3z5TAVy4l32G0etZn+RsA48ARRrFm6Ri8fvqPQfgrvNxSjKAbnd3g==
    cpu:
    - arm64
    os:
    - freebsd
  '@rollup/rollup-freebsd-x64@4.60.4':
    resolution:
      integrity: sha512-Iw3oMskH3AfNuhU0MSN7vNbdi4me/NiYo2azqPz/Le16zHSa+3RRmliCMWWQmh4lcndccU40xcJuTYJZxNo/lw==
    cpu:
    - x64
    os:
    - freebsd
  '@rollup/rollup-linux-arm-gnueabihf@4.60.4':
    resolution:
      integrity: sha512-EIPRXTVQpHyF8WOo219AD2yEltPehLTcTMz2fn6JsatLYSzQf00hj3rulF+yauOlF9/FtM2WpkT/hJh/KJFGhA==
    cpu:
    - arm
    os:
    - linux
  '@rollup/rollup-linux-arm-musleabihf@4.60.4':
    resolution:
      integrity: sha512-J3Yh9PzzF1Ovah2At+lHiGQdsYgArxBbXv/zHfSyaiFQEqvNv7DcW98pCrmdjCZBrqBiKrKKe2V+aaSGWuBe/w==
    cpu:
    - arm
    os:
    - linux
  '@rollup/rollup-linux-arm64-gnu@4.60.4':
    resolution:
      integrity: sha512-BFDEZMYfUvLn37ONE1yMBojPxnMlTFsdyNoqncT0qFq1mAfllL+ATMMJd8TeuVMiX84s1KbcxcZbXInmcO2mRg==
    cpu:
    - arm64
    os:
    - linux
  '@rollup/rollup-linux-arm64-musl@4.60.4':
    resolution:
      integrity: sha512-pc9EYOSlOgdQ2uPl1o9PF6/kLSgaUosia7gOuS8mB69IxJvlclko1MECXysjs5ryez1/5zjYqx3+xYU0TU6R1A==
    cpu:
    - arm64
    os:
    - linux
  '@rollup/rollup-linux-loong64-gnu@4.60.4':
    resolution:
      integrity: sha512-NxnomyxYerDh5n4iLrNa+sH+Z+U4BMEE46V2PgQ/hoB909i8gV1M5wPojWg9fk1jWpO3IQnOs20K4wyZuFLEFQ==
    cpu:
    - loong64
    os:
    - linux
  '@rollup/rollup-linux-loong64-musl@4.60.4':
    resolution:
      integrity: sha512-nbJnQ8a3z1mtmrwImCYhc6BGpThAyYVRQxw9uKSKG4wR6aAYno9sVjJ0zaZcW9BPJX1GbrDPf+SvdWjgTuDmnw==
    cpu:
    - loong64
    os:
    - linux
  '@rollup/rollup-linux-ppc64-gnu@4.60.4':
    resolution:
      integrity: sha512-2EU6acNrQLd8tYvo/LXW535wupT3m6fo7HKo6lr7ktQoItxTyOL1ZCR/GfGCuXl2vR+zmfI6eRXkSemafv+iVg==
    cpu:
    - ppc64
    os:
    - linux
  '@rollup/rollup-linux-ppc64-musl@4.60.4':
    resolution:
      integrity: sha512-WeBtoMuaMxiiIrO2IYP3xs6GMWkJP2C0EoT8beTLkUPmzV1i/UcOSVw1d5r9KBODtHKilG5yFxsGRnBbK3wJ4A==
    cpu:
    - ppc64
    os:
    - linux
  '@rollup/rollup-linux-riscv64-gnu@4.60.4':
    resolution:
      integrity: sha512-FJHFfqpKUI3A10WrWKiFbBZ7yVbGT4q4B5o1qKFFojqpaYoh9LrQgqWCmmcxQzVSXYtyB5bzkXrYzlHTs21MYA==
    cpu:
    - riscv64
    os:
    - linux
  '@rollup/rollup-linux-riscv64-musl@4.60.4':
    resolution:
      integrity: sha512-mcEl6CUT5IAUmQf1m9FYSmVqCJlpQ8r8eyftFUHG8i9OhY7BkBXSUdnLH5DOf0wCOjcP9v/QO93zpmF1SptCCw==
    cpu:
    - riscv64
    os:
    - linux
  '@rollup/rollup-linux-s390x-gnu@4.60.4':
    resolution:
      integrity: sha512-ynt3JxVd2w2buzoKDWIyiV1pJW93xlQic1THVLXilz429oijRpSHivZAgp65KBu+cMcgf1eVVjdnTLvPxgCuoQ==
    cpu:
    - s390x
    os:
    - linux
  '@rollup/rollup-linux-x64-gnu@4.60.4':
    resolution:
      integrity: sha512-Boiz5+MsaROEWDf+GGEwF8VMHGhlUoQMtIPjOgA5fv4osupqTVnJteQNKJwUcnUog2G55jYXH7KZFFiJe0TEzQ==
    cpu:
    - x64
    os:
    - linux
  '@rollup/rollup-linux-x64-musl@4.60.4':
    resolution:
      integrity: sha512-+qfSY27qIrFfI/Hom04KYFw3GKZSGU4lXus51wsb5EuySfFlWRwjkKWoE9emgRw/ukoT4Udsj4W/+xxG8VbPKg==
    cpu:
    - x64
    os:
    - linux
  '@rollup/rollup-openbsd-x64@4.60.4':
    resolution:
      integrity: sha512-VpTfOPHgVXEBeeR8hZ2O0F3aSso+JDWqTWmTmzcQKted54IAdUVbxE+j/MVxUsKa8L20HJhv3vUezVPoquqWjA==
    cpu:
    - x64
    os:
    - openbsd
  '@rollup/rollup-openharmony-arm64@4.60.4':
    resolution:
      integrity: sha512-IPOsh5aRYuLv/nkU51X10Bf75Bsf6+gZdx1X+QP5QM6lIJFHHqbHLG0uJn/hWthzo13UAc2umiUorqZy3axoZg==
    cpu:
    - arm64
    os:
    - openharmony
  '@rollup/rollup-win32-arm64-msvc@4.60.4':
    resolution:
      integrity: sha512-4QzE9E81OohJ/HKzHhsqU+zcYYojVOXlFMs1DdyMT6qXl/niOH7AVElmmEdUNHHS/oRkc++d5k6Vy85zFs0DEw==
    cpu:
    - arm64
    os:
    - win32
  '@rollup/rollup-win32-ia32-msvc@4.60.4':
    resolution:
      integrity: sha512-zTPgT1YuHHcd+Tmx7h8aml0FWFVelV5N54oHow9SLj+GfoDy/huQ+UV396N/C7KpMDMiPspRktzM1/0r1usYEA==
    cpu:
    - ia32
    os:
    - win32
  '@rollup/rollup-win32-x64-gnu@4.60.4':
    resolution:
      integrity: sha512-DRS4G7mi9lJxqEDezIkKCaUIKCrLUUDCUaCsTPCi/rtqaC6D/jjwslMQyiDU50Ka0JKpeXeRBFBAXwArY52vBw==
    cpu:
    - x64
    os:
    - win32
  '@rollup/rollup-win32-x64-msvc@4.60.4':
    resolution:
      integrity: sha512-QVTUovf40zgTqlFVrKA1uXMVvU2QWEFWfAH8Wdc48IxLvrJMQVMBRjuQyUpzZCDkakImib9eVazbWlC6ksWtJw==
    cpu:
    - x64
    os:
    - win32
  '@types/estree@1.0.8':
    resolution:
      integrity: sha512-dWHzHa2WqEXI/O1E9OjrocMTKJl2mSrEolh1Iomrv6U+JuNwaHXsXx9bLu5gG7BUWFIN0skIQJQ/L1rIex4X6w==
  '@vitejs/plugin-vue@5.2.4':
    resolution:
      integrity: sha512-7Yx/SXSOcQq5HiiV3orevHUFn+pmMB4cgbEkDYgnkUWb0WfeQ/wa2yFv6D5ICiCQOVpjA7vYDXrC7AGO8yjDHA==
    engines:
      node: ^18.0.0 || >=20.0.0
    peerDependencies:
      vite: ^5.0.0 || ^6.0.0
      vue: ^3.2.25
  '@volar/language-core@2.4.15':
    resolution:
      integrity: sha512-3VHw+QZU0ZG9IuQmzT68IyN4hZNd9GchGPhbD9+pa8CVv7rnoOZwo7T8weIbrRmihqy3ATpdfXFnqRrfPVK6CA==
  '@volar/source-map@2.4.15':
    resolution:
      integrity: sha512-CPbMWlUN6hVZJYGcU/GSoHu4EnCHiLaXI9n8c9la6RaI9W5JHX+NqG+GSQcB0JdC2FIBLdZJwGsfKyBB71VlTg==
  '@volar/typescript@2.4.15':
    resolution:
      integrity: sha512-2aZ8i0cqPGjXb4BhkMsPYDkkuc2ZQ6yOpqwAuNwUoncELqoy5fRgOQtLR9gB0g902iS0NAkvpIzs27geVyVdPg==
  '@vue/compiler-core@3.5.34':
    resolution:
      integrity: sha512-s9cLyK5mLcvZ4Agva5QgRsQyLKvts9WbU9DB6NqiZkkGEdwmcEiylj5Jbwkp680drF/NNCV8OlAJSe+yMLxaJw==
  '@vue/compiler-dom@3.5.34':
    resolution:
      integrity: sha512-EbF/T++k0e2MMZlJsBhzK8Sgwt0HcIPOhzn1CTB/lv6sQcyk+OWf8YeiLxZp3ro7MbbLcAfAJ6sEvjFWuNgUCw==
  '@vue/compiler-sfc@3.5.34':
    resolution:
      integrity: sha512-D/ihr6uZeIt6r+pVZf46RWT1fAsLFMbUP7k8G1VkiiWexriED9GrX3echHd4Abbt17zjlfiFJ8z7a3BxZOPNjg==
  '@vue/compiler-ssr@3.5.34':
    resolution:
      integrity: sha512-cDtTHKibkThKGHH1SP+WdccquNRYQDFH6rRjQCqT9G2ltFAfoR5pUftpab/z+aM5mW9HLLVQW7hfKKQe/1GBeQ==
  '@vue/compiler-vue2@2.7.16':
    resolution:
      integrity: sha512-qYC3Psj9S/mfu9uVi5WvNZIzq+xnXMhOwbTFKKDD7b1lhpnn71jXSFdTQ+WsIEk0ONCd7VV2IMm7ONl6tbQ86A==
  '@vue/language-core@2.2.12':
    resolution:
      integrity: sha512-IsGljWbKGU1MZpBPN+BvPAdr55YPkj2nB/TBNGNC32Vy2qLG25DYu/NBN2vNtZqdRbTRjaoYrahLrToim2NanA==
    peerDependencies:
      typescript: '*'
    peerDependenciesMeta:
      typescript:
        optional: true
  '@vue/reactivity@3.5.34':
    resolution:
      integrity: sha512-y9XDjCEuBp+98k+UL5dbYkh57AHU4o6cxZedOPXw3bmrZZYLQsVHguGurq7hVrPCSrQtrnz1f9dssyFr+dMXfQ==
  '@vue/runtime-core@3.5.34':
    resolution:
      integrity: sha512-mKeBYvu8tcMSLhypAHBmriUFfWXKTCF/23Z4jiCoYK3UtWepkliViNLuR90V9XOyD62mUxs9p1jsrpK3CCGIzw==
  '@vue/runtime-dom@3.5.34':
    resolution:
      integrity: sha512-e8kZzERmCwUnBRVsgSQlAfrfU2rGoy0FFKPBXSlfEjc/O3KfA7QP0t1/2ZylrbchjmIKB4dPTd07A6WPr0eOrg==
  '@vue/server-renderer@3.5.34':
    resolution:
      integrity: sha512-nHxmJoTrKsmrkbILRhkC9gY1G3moZbJTqCzDd7DOOzG5KH9oeJ0Unqrff5f9v0pW//jES05ZkJcNtfE8JjOIew==
    peerDependencies:
      vue: 3.5.34
  '@vue/shared@3.5.34':
    resolution:
      integrity: sha512-24uqU4OIiX29ryC3MeWid/Xf2fa2EFRUVLb77nRhk+UrTVrh/XiGtFAFmJBAtBRbjwNdsPRP+jj/OL27Eg1NDA==
  alien-signals@1.0.13:
    resolution:
      integrity: sha512-OGj9yyTnJEttvzhTUWuscOvtqxq5vrhF7vL9oS0xJ2mK0ItPYP1/y+vCFebfxoEyAz0++1AIwJ5CMr+Fk3nDmg==
  balanced-match@1.0.2:
    resolution:
      integrity: sha512-3oSeUO0TMV67hN1AmbXsK4yaqU7tjiHlbxRDZOpH0KW9+CeX4bRAaX0Anxt0tx2MrpRpWwQaPwIlISEJhYU5Pw==
  brace-expansion@2.1.0:
    resolution:
      integrity: sha512-TN1kCZAgdgweJhWWpgKYrQaMNHcDULHkWwQIspdtjV4Y5aurRdZpjAqn6yX3FPqTA9ngHCc4hJxMAMgGfve85w==
  csstype@3.2.3:
    resolution:
      integrity: sha512-z1HGKcYy2xA8AGQfwrn0PAy+PB7X/GSj3UVJW9qKyn43xWa+gl5nXmU4qqLMRzWVLFC8KusUX8T/0kCiOYpAIQ==
  de-indent@1.0.2:
    resolution:
      integrity: sha512-e/1zu3xH5MQryN2zdVaF0OrdNLUbvWxzMbi+iNA6Bky7l1RoP8a2fIbRocyHclXt/arDrrR6lL3TqFD9pMQTsg==
  entities@7.0.1:
    resolution:
      integrity: sha512-TWrgLOFUQTH994YUyl1yT4uyavY5nNB5muff+RtWaqNVCAK408b5ZnnbNAUEWLTCpum9w6arT70i1XdQ4UeOPA==
    engines:
      node: '>=0.12'
  esbuild@0.25.12:
    resolution:
      integrity: sha512-bbPBYYrtZbkt6Os6FiTLCTFxvq4tt3JKall1vRwshA3fdVztsLAatFaZobhkBC8/BrPetoa0oksYoKXoG4ryJg==
    engines:
      node: '>=18'
    hasBin: true
  estree-walker@2.0.2:
    resolution:
      integrity: sha512-Rfkk/Mp/DL7JVje3u18FxFujQlTNR2q6QfMSMB7AvCBx91NGj/ba3kCfza0f6dVDbw7YlRf/nDrn7pQrCCyQ/w==
  fdir@6.5.0:
    resolution:
      integrity: sha512-tIbYtZbucOs0BRGqPJkshJUYdL+SDH7dVM8gjy+ERp3WAUjLEFJE+02kanyHtwjWOnwrKYBiwAmM0p4kLJAnXg==
    engines:
      node: '>=12.0.0'
    peerDependencies:
      picomatch: ^3 || ^4
    peerDependenciesMeta:
      picomatch:
        optional: true
  fsevents@2.3.3:
    resolution:
      integrity: sha512-5xoDfX+fL7faATnagmWPpbFtwh/R77WmMMqqHGS65C3vvB0YHrgF+B1YmZ3441tMj5n63k0212XNoJwzlhffQw==
    engines:
      node: ^8.16.0 || ^10.6.0 || >=11.0.0
    os:
    - darwin
  he@1.2.0:
    resolution:
      integrity: sha512-F/1DnUGPopORZi0ni+CvrCgHQ5FyEAHRLSApuYWMmrbSwoN2Mn/7k+Gl38gJnR7yyDZk6WLXwiGod1JOWNDKGw==
    hasBin: true
  magic-string@0.30.21:
    resolution:
      integrity: sha512-vd2F4YUyEXKGcLHoq+TEyCjxueSeHnFxyyjNp80yg0XV4vUhnDer/lvvlqM/arB5bXQN5K2/3oinyCRyx8T2CQ==
  minimatch@9.0.9:
    resolution:
      integrity: sha512-OBwBN9AL4dqmETlpS2zasx+vTeWclWzkblfZk7KTA5j3jeOONz/tRCnZomUyvNg83wL5Zv9Ss6HMJXAgL8R2Yg==
    engines:
      node: '>=16 || 14 >=14.17'
  muggle-string@0.4.1:
    resolution:
      integrity: sha512-VNTrAak/KhO2i8dqqnqnAHOa3cYBwXEZe9h+D5h/1ZqFSTEFHdM65lR7RoIqq3tBBYavsOXV84NoHXZ0AkPyqQ==
  nanoid@3.3.12:
    resolution:
      integrity: sha512-ZB9RH/39qpq5Vu6Y+NmUaFhQR6pp+M2Xt76XBnEwDaGcVAqhlvxrl3B2bKS5D3NH3QR76v3aSrKaF/Kiy7lEtQ==
    engines:
      node: ^10 || ^12 || ^13.7 || ^14 || >=15.0.1
    hasBin: true
  path-browserify@1.0.1:
    resolution:
      integrity: sha512-b7uo2UCUOYZcnF/3ID0lulOJi/bafxa1xPe7ZPsammBSpjSWQkjNxlt635YGS2MiR9GjvuXCtz2emr3jbsz98g==
  picocolors@1.1.1:
    resolution:
      integrity: sha512-xceH2snhtb5M9liqDsmEw56le376mTZkEX/jEb/RxNFyegNul7eNslCXP9FDj/Lcu0X8KEyMceP2ntpaHrDEVA==
  picomatch@4.0.4:
    resolution:
      integrity: sha512-QP88BAKvMam/3NxH6vj2o21R6MjxZUAd6nlwAS/pnGvN9IVLocLHxGYIzFhg6fUQ+5th6P4dv4eW9jX3DSIj7A==
    engines:
      node: '>=12'
  postcss@8.5.14:
    resolution:
      integrity: sha512-SoSL4+OSEtR99LHFZQiJLkT59C5B1amGO1NzTwj7TT1qCUgUO6hxOvzkOYxD+vMrXBM3XJIKzokoERdqQq/Zmg==
    engines:
      node: ^10 || ^12 || >=14
  rollup@4.60.4:
    resolution:
      integrity: sha512-WHeFSbZYsPu3+bLoNRUuAO+wavNlocOPf3wSHTP7hcFKVnJeWsYlCDbr3mTS14FCizf9ccIxXA8sGL8zKeQN3g==
    engines:
      node: '>=18.0.0'
      npm: '>=8.0.0'
    hasBin: true
  source-map-js@1.2.1:
    resolution:
      integrity: sha512-UXWMKhLOwVKb728IUtQPXxfYU+usdybtUrK/8uGE8CQMvrhOpwvzDBwj0QhSL7MQc7vIsISBG8VQ8+IDQxpfQA==
    engines:
      node: '>=0.10.0'
  tinyglobby@0.2.16:
    resolution:
      integrity: sha512-pn99VhoACYR8nFHhxqix+uvsbXineAasWm5ojXoN8xEwK5Kd3/TrhNn1wByuD52UxWRLy8pu+kRMniEi6Eq9Zg==
    engines:
      node: '>=12.0.0'
  typescript@5.6.3:
    resolution:
      integrity: sha512-hjcS1mhfuyi4WW8IWtjP7brDrG2cuDZukyrYrSauoXGNgx0S7zceP07adYkJycEr56BOUTNPzbInooiN3fn1qw==
    engines:
      node: '>=14.17'
    hasBin: true
  vite@6.4.2:
    resolution:
      integrity: sha512-2N/55r4JDJ4gdrCvGgINMy+HH3iRpNIz8K6SFwVsA+JbQScLiC+clmAxBgwiSPgcG9U15QmvqCGWzMbqda5zGQ==
    engines:
      node: ^18.0.0 || ^20.0.0 || >=22.0.0
    hasBin: true
    peerDependencies:
      '@types/node': ^18.0.0 || ^20.0.0 || >=22.0.0
      jiti: '>=1.21.0'
      less: '*'
      lightningcss: ^1.21.0
      sass: '*'
      sass-embedded: '*'
      stylus: '*'
      sugarss: '*'
      terser: ^5.16.0
      tsx: ^4.8.1
      yaml: ^2.4.2
    peerDependenciesMeta:
      '@types/node':
        optional: true
      jiti:
        optional: true
      less:
        optional: true
      lightningcss:
        optional: true
      sass:
        optional: true
      sass-embedded:
        optional: true
      stylus:
        optional: true
      sugarss:
        optional: true
      terser:
        optional: true
      tsx:
        optional: true
      yaml:
        optional: true
  vscode-uri@3.1.0:
    resolution:
      integrity: sha512-/BpdSx+yCQGnCvecbyXdxHDkuk55/G3xwnC0GqY4gmQ3j+A+g8kzzgB4Nk/SINjqn6+waqw3EgbVF2QKExkRxQ==
  vue-tsc@2.2.12:
    resolution:
      integrity: sha512-P7OP77b2h/Pmk+lZdJ0YWs+5tJ6J2+uOQPo7tlBnY44QqQSPYvS0qVT4wqDJgwrZaLe47etJLLQRFia71GYITw==
    hasBin: true
    peerDependencies:
      typescript: '>=5.0.0'
  vue@3.5.34:
    resolution:
      integrity: sha512-WdLBG9gm02OgJIG9axd5Hpx0TFLdzVgfG2evFFu8Rur5O/IoGc5cMjnjh3tPL6GnRGsYvUhBSKVPYVcxRKpMCA==
    peerDependencies:
      typescript: '*'
    peerDependenciesMeta:
      typescript:
        optional: true
snapshots:
  '@babel/helper-string-parser@7.27.1': {}
  '@babel/helper-validator-identifier@7.28.5': {}
  '@babel/parser@7.29.3':
    dependencies:
      '@babel/types': 7.29.0
  '@babel/types@7.29.0':
    dependencies:
      '@babel/helper-string-parser': 7.27.1
      '@babel/helper-validator-identifier': 7.28.5
  '@esbuild/aix-ppc64@0.25.12':
    optional: true
  '@esbuild/android-arm64@0.25.12':
    optional: true
  '@esbuild/android-arm@0.25.12':
    optional: true
  '@esbuild/android-x64@0.25.12':
    optional: true
  '@esbuild/darwin-arm64@0.25.12':
    optional: true
  '@esbuild/darwin-x64@0.25.12':
    optional: true
  '@esbuild/freebsd-arm64@0.25.12':
    optional: true
  '@esbuild/freebsd-x64@0.25.12':
    optional: true
  '@esbuild/linux-arm64@0.25.12':
    optional: true
  '@esbuild/linux-arm@0.25.12':
    optional: true
  '@esbuild/linux-ia32@0.25.12':
    optional: true
  '@esbuild/linux-loong64@0.25.12':
    optional: true
  '@esbuild/linux-mips64el@0.25.12':
    optional: true
  '@esbuild/linux-ppc64@0.25.12':
    optional: true
  '@esbuild/linux-riscv64@0.25.12':
    optional: true
  '@esbuild/linux-s390x@0.25.12':
    optional: true
  '@esbuild/linux-x64@0.25.12':
    optional: true
  '@esbuild/netbsd-arm64@0.25.12':
    optional: true
  '@esbuild/netbsd-x64@0.25.12':
    optional: true
  '@esbuild/openbsd-arm64@0.25.12':
    optional: true
  '@esbuild/openbsd-x64@0.25.12':
    optional: true
  '@esbuild/openharmony-arm64@0.25.12':
    optional: true
  '@esbuild/sunos-x64@0.25.12':
    optional: true
  '@esbuild/win32-arm64@0.25.12':
    optional: true
  '@esbuild/win32-ia32@0.25.12':
    optional: true
  '@esbuild/win32-x64@0.25.12':
    optional: true
  '@jridgewell/sourcemap-codec@1.5.5': {}
  '@rollup/rollup-android-arm-eabi@4.60.4':
    optional: true
  '@rollup/rollup-android-arm64@4.60.4':
    optional: true
  '@rollup/rollup-darwin-arm64@4.60.4':
    optional: true
  '@rollup/rollup-darwin-x64@4.60.4':
    optional: true
  '@rollup/rollup-freebsd-arm64@4.60.4':
    optional: true
  '@rollup/rollup-freebsd-x64@4.60.4':
    optional: true
  '@rollup/rollup-linux-arm-gnueabihf@4.60.4':
    optional: true
  '@rollup/rollup-linux-arm-musleabihf@4.60.4':
    optional: true
  '@rollup/rollup-linux-arm64-gnu@4.60.4':
    optional: true
  '@rollup/rollup-linux-arm64-musl@4.60.4':
    optional: true
  '@rollup/rollup-linux-loong64-gnu@4.60.4':
    optional: true
  '@rollup/rollup-linux-loong64-musl@4.60.4':
    optional: true
  '@rollup/rollup-linux-ppc64-gnu@4.60.4':
    optional: true
  '@rollup/rollup-linux-ppc64-musl@4.60.4':
    optional: true
  '@rollup/rollup-linux-riscv64-gnu@4.60.4':
    optional: true
  '@rollup/rollup-linux-riscv64-musl@4.60.4':
    optional: true
  '@rollup/rollup-linux-s390x-gnu@4.60.4':
    optional: true
  '@rollup/rollup-linux-x64-gnu@4.60.4':
    optional: true
  '@rollup/rollup-linux-x64-musl@4.60.4':
    optional: true
  '@rollup/rollup-openbsd-x64@4.60.4':
    optional: true
  '@rollup/rollup-openharmony-arm64@4.60.4':
    optional: true
  '@rollup/rollup-win32-arm64-msvc@4.60.4':
    optional: true
  '@rollup/rollup-win32-ia32-msvc@4.60.4':
    optional: true
  '@rollup/rollup-win32-x64-gnu@4.60.4':
    optional: true
  '@rollup/rollup-win32-x64-msvc@4.60.4':
    optional: true
  '@types/estree@1.0.8': {}
  '@vitejs/plugin-vue@5.2.4(vite@6.4.2)(vue@3.5.34(typescript@5.6.3))':
    dependencies:
      vite: 6.4.2
      vue: 3.5.34(typescript@5.6.3)
  '@volar/language-core@2.4.15':
    dependencies:
      '@volar/source-map': 2.4.15
  '@volar/source-map@2.4.15': {}
  '@volar/typescript@2.4.15':
    dependencies:
      '@volar/language-core': 2.4.15
      path-browserify: 1.0.1
      vscode-uri: 3.1.0
  '@vue/compiler-core@3.5.34':
    dependencies:
      '@babel/parser': 7.29.3
      '@vue/shared': 3.5.34
      entities: 7.0.1
      estree-walker: 2.0.2
      source-map-js: 1.2.1
  '@vue/compiler-dom@3.5.34':
    dependencies:
      '@vue/compiler-core': 3.5.34
      '@vue/shared': 3.5.34
  '@vue/compiler-sfc@3.5.34':
    dependencies:
      '@babel/parser': 7.29.3
      '@vue/compiler-core': 3.5.34
      '@vue/compiler-dom': 3.5.34
      '@vue/compiler-ssr': 3.5.34
      '@vue/shared': 3.5.34
      estree-walker: 2.0.2
      magic-string: 0.30.21
      postcss: 8.5.14
      source-map-js: 1.2.1
  '@vue/compiler-ssr@3.5.34':
    dependencies:
      '@vue/compiler-dom': 3.5.34
      '@vue/shared': 3.5.34
  '@vue/compiler-vue2@2.7.16':
    dependencies:
      de-indent: 1.0.2
      he: 1.2.0
  '@vue/language-core@2.2.12(typescript@5.6.3)':
    dependencies:
      '@volar/language-core': 2.4.15
      '@vue/compiler-dom': 3.5.34
      '@vue/compiler-vue2': 2.7.16
      '@vue/shared': 3.5.34
      alien-signals: 1.0.13
      minimatch: 9.0.9
      muggle-string: 0.4.1
      path-browserify: 1.0.1
    optionalDependencies:
      typescript: 5.6.3
  '@vue/reactivity@3.5.34':
    dependencies:
      '@vue/shared': 3.5.34
  '@vue/runtime-core@3.5.34':
    dependencies:
      '@vue/reactivity': 3.5.34
      '@vue/shared': 3.5.34
  '@vue/runtime-dom@3.5.34':
    dependencies:
      '@vue/reactivity': 3.5.34
      '@vue/runtime-core': 3.5.34
      '@vue/shared': 3.5.34
      csstype: 3.2.3
  '@vue/server-renderer@3.5.34(vue@3.5.34(typescript@5.6.3))':
    dependencies:
      '@vue/compiler-ssr': 3.5.34
      '@vue/shared': 3.5.34
      vue: 3.5.34(typescript@5.6.3)
  '@vue/shared@3.5.34': {}
  alien-signals@1.0.13: {}
  balanced-match@1.0.2: {}
  brace-expansion@2.1.0:
    dependencies:
      balanced-match: 1.0.2
  csstype@3.2.3: {}
  de-indent@1.0.2: {}
  entities@7.0.1: {}
  esbuild@0.25.12:
    optionalDependencies:
      '@esbuild/aix-ppc64': 0.25.12
      '@esbuild/android-arm': 0.25.12
      '@esbuild/android-arm64': 0.25.12
      '@esbuild/android-x64': 0.25.12
      '@esbuild/darwin-arm64': 0.25.12
      '@esbuild/darwin-x64': 0.25.12
      '@esbuild/freebsd-arm64': 0.25.12
      '@esbuild/freebsd-x64': 0.25.12
      '@esbuild/linux-arm': 0.25.12
      '@esbuild/linux-arm64': 0.25.12
      '@esbuild/linux-ia32': 0.25.12
      '@esbuild/linux-loong64': 0.25.12
      '@esbuild/linux-mips64el': 0.25.12
      '@esbuild/linux-ppc64': 0.25.12
      '@esbuild/linux-riscv64': 0.25.12
      '@esbuild/linux-s390x': 0.25.12
      '@esbuild/linux-x64': 0.25.12
      '@esbuild/netbsd-arm64': 0.25.12
      '@esbuild/netbsd-x64': 0.25.12
      '@esbuild/openbsd-arm64': 0.25.12
      '@esbuild/openbsd-x64': 0.25.12
      '@esbuild/openharmony-arm64': 0.25.12
      '@esbuild/sunos-x64': 0.25.12
      '@esbuild/win32-arm64': 0.25.12
      '@esbuild/win32-ia32': 0.25.12
      '@esbuild/win32-x64': 0.25.12
  estree-walker@2.0.2: {}
  fdir@6.5.0(picomatch@4.0.4):
    optionalDependencies:
      picomatch: 4.0.4
  fsevents@2.3.3:
    optional: true
  he@1.2.0: {}
  magic-string@0.30.21:
    dependencies:
      '@jridgewell/sourcemap-codec': 1.5.5
  minimatch@9.0.9:
    dependencies:
      brace-expansion: 2.1.0
  muggle-string@0.4.1: {}
  nanoid@3.3.12: {}
  path-browserify@1.0.1: {}
  picocolors@1.1.1: {}
  picomatch@4.0.4: {}
  postcss@8.5.14:
    dependencies:
      nanoid: 3.3.12
      picocolors: 1.1.1
      source-map-js: 1.2.1
  rollup@4.60.4:
    dependencies:
      '@types/estree': 1.0.8
    optionalDependencies:
      '@rollup/rollup-android-arm-eabi': 4.60.4
      '@rollup/rollup-android-arm64': 4.60.4
      '@rollup/rollup-darwin-arm64': 4.60.4
      '@rollup/rollup-darwin-x64': 4.60.4
      '@rollup/rollup-freebsd-arm64': 4.60.4
      '@rollup/rollup-freebsd-x64': 4.60.4
      '@rollup/rollup-linux-arm-gnueabihf': 4.60.4
      '@rollup/rollup-linux-arm-musleabihf': 4.60.4
      '@rollup/rollup-linux-arm64-gnu': 4.60.4
      '@rollup/rollup-linux-arm64-musl': 4.60.4
      '@rollup/rollup-linux-loong64-gnu': 4.60.4
      '@rollup/rollup-linux-loong64-musl': 4.60.4
      '@rollup/rollup-linux-ppc64-gnu': 4.60.4
      '@rollup/rollup-linux-ppc64-musl': 4.60.4
      '@rollup/rollup-linux-riscv64-gnu': 4.60.4
      '@rollup/rollup-linux-riscv64-musl': 4.60.4
      '@rollup/rollup-linux-s390x-gnu': 4.60.4
      '@rollup/rollup-linux-x64-gnu': 4.60.4
      '@rollup/rollup-linux-x64-musl': 4.60.4
      '@rollup/rollup-openbsd-x64': 4.60.4
      '@rollup/rollup-openharmony-arm64': 4.60.4
      '@rollup/rollup-win32-arm64-msvc': 4.60.4
      '@rollup/rollup-win32-ia32-msvc': 4.60.4
      '@rollup/rollup-win32-x64-gnu': 4.60.4
      '@rollup/rollup-win32-x64-msvc': 4.60.4
      fsevents: 2.3.3
  source-map-js@1.2.1: {}
  tinyglobby@0.2.16:
    dependencies:
      fdir: 6.5.0(picomatch@4.0.4)
      picomatch: 4.0.4
  typescript@5.6.3: {}
  vite@6.4.2:
    dependencies:
      esbuild: 0.25.12
      fdir: 6.5.0(picomatch@4.0.4)
      picomatch: 4.0.4
      postcss: 8.5.14
      rollup: 4.60.4
      tinyglobby: 0.2.16
    optionalDependencies:
      fsevents: 2.3.3
  vscode-uri@3.1.0: {}
  vue-tsc@2.2.12(typescript@5.6.3):
    dependencies:
      '@volar/typescript': 2.4.15
      '@vue/language-core': 2.2.12(typescript@5.6.3)
      typescript: 5.6.3
  vue@3.5.34(typescript@5.6.3):
    dependencies:
      '@vue/compiler-dom': 3.5.34
      '@vue/compiler-sfc': 3.5.34
      '@vue/runtime-dom': 3.5.34
      '@vue/server-renderer': 3.5.34(vue@3.5.34(typescript@5.6.3))
      '@vue/shared': 3.5.34
    optionalDependencies:
      typescript: 5.6.3
