{
  "originHash" : "6264ec4ccf044d78b88a3d9056cca0cdcdfb68d0f89078f08b0f6eced3c8fa79",
  "pins" : [
    {
      "identity" : "spacetimedb-swift",
      "kind" : "remoteSourceControl",
      "location" : "https://github.com/avias8/spacetimedb-swift.git",
      "state" : {
        "revision" : "96a6a9e01824bd01d666e35add2dbc93f45fdf86",
        "version" : "0.21.0"
      }
    }
  ],
  "version" : 3
}
