
Microsoft Visual Studio Solution File, Format Version 12.00
# Visual Studio Version 17
VisualStudioVersion = 17.0.31903.59
MinimumVisualStudioVersion = 10.0.40219.1
Project("{FAE04EC0-301F-11D3-BF4B-00C04F79EFBC}") = "Codegen", "Codegen\Codegen.csproj", "{1E37FF71-567A-4AC8-947E-117098F01142}"
EndProject
Project("{FAE04EC0-301F-11D3-BF4B-00C04F79EFBC}") = "Runtime", "Runtime\Runtime.csproj", "{003DDE57-BB32-49F0-B94E-88F2D0414D19}"
EndProject
Global
	GlobalSection(SolutionConfigurationPlatforms) = preSolution
		Debug|Any CPU = Debug|Any CPU
		Release|Any CPU = Release|Any CPU
	EndGlobalSection
	GlobalSection(SolutionProperties) = preSolution
		HideSolutionNode = FALSE
	EndGlobalSection
	GlobalSection(ProjectConfigurationPlatforms) = postSolution
		{1E37FF71-567A-4AC8-947E-117098F01142}.Debug|Any CPU.ActiveCfg = Debug|Any CPU
		{1E37FF71-567A-4AC8-947E-117098F01142}.Debug|Any CPU.Build.0 = Debug|Any CPU
		{1E37FF71-567A-4AC8-947E-117098F01142}.Release|Any CPU.ActiveCfg = Release|Any CPU
		{1E37FF71-567A-4AC8-947E-117098F01142}.Release|Any CPU.Build.0 = Release|Any CPU
		{003DDE57-BB32-49F0-B94E-88F2D0414D19}.Debug|Any CPU.ActiveCfg = Debug|Any CPU
		{003DDE57-BB32-49F0-B94E-88F2D0414D19}.Debug|Any CPU.Build.0 = Debug|Any CPU
		{003DDE57-BB32-49F0-B94E-88F2D0414D19}.Release|Any CPU.ActiveCfg = Release|Any CPU
		{003DDE57-BB32-49F0-B94E-88F2D0414D19}.Release|Any CPU.Build.0 = Release|Any CPU
	EndGlobalSection
EndGlobal
